// !$*UTF8*$!
{
	archiveVersion = 1;
	classes = {
	};
	objectVersion = 50;
	objects = {

/* Begin PBXBuildFile section */
		0D127FEF51DC83BB5373AD2D /* Pods_flix_appTests.framework in Frameworks */ = {isa = PBXBuildFile; fileRef = 1FA30F9AB1AD0FCBACAE610D /* Pods_flix_appTests.framework */; };
		2A515665226D312C00ABE4D2 /* MovieDetailsViewController.swift in Sources */ = {isa = PBXBuildFile; fileRef = 2A515664226D312C00ABE4D2 /* MovieDetailsViewController.swift */; };
		2A58F6BE22625B730093FD76 /* AppDelegate.swift in Sources */ = {isa = PBXBuildFile; fileRef = 2A58F6BD22625B730093FD76 /* AppDelegate.swift */; };
		2A58F6C322625B730093FD76 /* Main.storyboard in Resources */ = {isa = PBXBuildFile; fileRef = 2A58F6C122625B730093FD76 /* Main.storyboard */; };
		2A58F6C522625B750093FD76 /* Assets.xcassets in Resources */ = {isa = PBXBuildFile; fileRef = 2A58F6C422625B750093FD76 /* Assets.xcassets */; };
		2A58F6C822625B750093FD76 /* LaunchScreen.storyboard in Resources */ = {isa = PBXBuildFile; fileRef = 2A58F6C622625B750093FD76 /* LaunchScreen.storyboard */; };
		2A58F6D322625B750093FD76 /* flix_appTests.swift in Sources */ = {isa = PBXBuildFile; fileRef = 2A58F6D222625B750093FD76 /* flix_appTests.swift */; };
		2A58F6DE22625B760093FD76 /* flix_appUITests.swift in Sources */ = {isa = PBXBuildFile; fileRef = 2A58F6DD22625B760093FD76 /* flix_appUITests.swift */; };
		2A58F6EC22625E220093FD76 /* MoviesViewController.swift in Sources */ = {isa = PBXBuildFile; fileRef = 2A58F6EB22625E220093FD76 /* MoviesViewController.swift */; };
		2A58F6EE226524600093FD76 /* MovieCell.swift in Sources */ = {isa = PBXBuildFile; fileRef = 2A58F6ED226524600093FD76 /* MovieCell.swift */; };
		2AC2CB5B226D416500DF914E /* MovieGridViewController.swift in Sources */ = {isa = PBXBuildFile; fileRef = 2AC2CB5A226D416500DF914E /* MovieGridViewController.swift */; };
		2AC2CB5D226D48C300DF914E /* MovieGridCell.swift in Sources */ = {isa = PBXBuildFile; fileRef = 2AC2CB5C226D48C300DF914E /* MovieGridCell.swift */; };
		B15EE5681C5BFFF93FE9A8B0 /* Pods_flix_appUITests.framework in Frameworks */ = {isa = PBXBuildFile; fileRef = 16463F1BC66208DE288D4647 /* Pods_flix_appUITests.framework */; };
		F66661F4DB094B0E76D701D7 /* Pods_flix_app.framework in Frameworks */ = {isa = PBXBuildFile; fileRef = D57DBF75CD522207CCE4A673 /* Pods_flix_app.framework */; };
/* End PBXBuildFile section */

/* Begin PBXContainerItemProxy section */
		2A58F6CF22625B750093FD76 /* PBXContainerItemProxy */ = {
			isa = PBXContainerItemProxy;
			containerPortal = 2A58F6B222625B730093FD76 /* Project object */;
			proxyType = 1;
			remoteGlobalIDString = 2A58F6B922625B730093FD76;
			remoteInfo = flix_app;
		};
		2A58F6DA22625B760093FD76 /* PBXContainerItemProxy */ = {
			isa = PBXContainerItemProxy;
			containerPortal = 2A58F6B222625B730093FD76 /* Project object */;
			proxyType = 1;
			remoteGlobalIDString = 2A58F6B922625B730093FD76;
			remoteInfo = flix_app;
		};
/* End PBXContainerItemProxy section */

/* Begin PBXFileReference section */
		11560DE0B7D9F32023B168EC /* Pods-flix_appTests.release.xcconfig */ = {isa = PBXFileReference; includeInIndex = 1; lastKnownFileType = text.xcconfig; name = "Pods-flix_appTests.release.xcconfig"; path = "Target Support Files/Pods-flix_appTests/Pods-flix_appTests.release.xcconfig"; sourceTree = "<group>"; };
		16463F1BC66208DE288D4647 /* Pods_flix_appUITests.framework */ = {isa = PBXFileReference; explicitFileType = wrapper.framework; includeInIndex = 0; path = Pods_flix_appUITests.framework; sourceTree = BUILT_PRODUCTS_DIR; };
		1FA30F9AB1AD0FCBACAE610D /* Pods_flix_appTests.framework */ = {isa = PBXFileReference; explicitFileType = wrapper.framework; includeInIndex = 0; path = Pods_flix_appTests.framework; sourceTree = BUILT_PRODUCTS_DIR; };
		2A515664226D312C00ABE4D2 /* MovieDetailsViewController.swift */ = {isa = PBXFileReference; lastKnownFileType = sourcecode.swift; path = MovieDetailsViewController.swift; sourceTree = "<group>"; };
		2A58F6BA22625B730093FD76 /* flix_app.app */ = {isa = PBXFileReference; explicitFileType = wrapper.application; includeInIndex = 0; path = flix_app.app; sourceTree = BUILT_PRODUCTS_DIR; };
		2A58F6BD22625B730093FD76 /* AppDelegate.swift */ = {isa = PBXFileReference; lastKnownFileType = sourcecode.swift; path = AppDelegate.swift; sourceTree = "<group>"; };
		2A58F6C222625B730093FD76 /* Base */ = {isa = PBXFileReference; lastKnownFileType = file.storyboard; name = Base; path = Base.lproj/Main.storyboard; sourceTree = "<group>"; };
		2A58F6C422625B750093FD76 /* Assets.xcassets */ = {isa = PBXFileReference; lastKnownFileType = folder.assetcatalog; path = Assets.xcassets; sourceTree = "<group>"; };
		2A58F6C722625B750093FD76 /* Base */ = {isa = PBXFileReference; lastKnownFileType = file.storyboard; name = Base; path = Base.lproj/LaunchScreen.storyboard; sourceTree = "<group>"; };
		2A58F6C922625B750093FD76 /* Info.plist */ = {isa = PBXFileReference; lastKnownFileType = text.plist.xml; path = Info.plist; sourceTree = "<group>"; };
		2A58F6CE22625B750093FD76 /* flix_appTests.xctest */ = {isa = PBXFileReference; explicitFileType = wrapper.cfbundle; includeInIndex = 0; path = flix_appTests.xctest; sourceTree = BUILT_PRODUCTS_DIR; };
		2A58F6D222625B750093FD76 /* flix_appTests.swift */ = {isa = PBXFileReference; lastKnownFileType = sourcecode.swift; path = flix_appTests.swift; sourceTree = "<group>"; };
		2A58F6D422625B750093FD76 /* Info.plist */ = {isa = PBXFileReference; lastKnownFileType = text.plist.xml; path = Info.plist; sourceTree = "<group>"; };
		2A58F6D922625B750093FD76 /* flix_appUITests.xctest */ = {isa = PBXFileReference; explicitFileType = wrapper.cfbundle; includeInIndex = 0; path = flix_appUITests.xctest; sourceTree = BUILT_PRODUCTS_DIR; };
		2A58F6DD22625B760093FD76 /* flix_appUITests.swift */ = {isa = PBXFileReference; lastKnownFileType = sourcecode.swift; path = flix_appUITests.swift; sourceTree = "<group>"; };
		2A58F6DF22625B760093FD76 /* Info.plist */ = {isa = PBXFileReference; lastKnownFileType = text.plist.xml; path = Info.plist; sourceTree = "<group>"; };
		2A58F6EB22625E220093FD76 /* MoviesViewController.swift */ = {isa = PBXFileReference; lastKnownFileType = sourcecode.swift; path = MoviesViewController.swift; sourceTree = "<group>"; };
		2A58F6ED226524600093FD76 /* MovieCell.swift */ = {isa = PBXFileReference; lastKnownFileType = sourcecode.swift; path = MovieCell.swift; sourceTree = "<group>"; };
		2AC2CB5A226D416500DF914E /* MovieGridViewController.swift */ = {isa = PBXFileReference; lastKnownFileType = sourcecode.swift; path = MovieGridViewController.swift; sourceTree = "<group>"; };
		2AC2CB5C226D48C300DF914E /* MovieGridCell.swift */ = {isa = PBXFileReference; lastKnownFileType = sourcecode.swift; path = MovieGridCell.swift; sourceTree = "<group>"; };
		2CE345E496D6FAF0F36D381C /* Pods-flix_appTests.debug.xcconfig */ = {isa = PBXFileReference; includeInIndex = 1; lastKnownFileType = text.xcconfig; name = "Pods-flix_appTests.debug.xcconfig"; path = "Target Support Files/Pods-flix_appTests/Pods-flix_appTests.debug.xcconfig"; sourceTree = "<group>"; };
		47A1B006E403155998601E11 /* Pods-flix_appUITests.release.xcconfig */ = {isa = PBXFileReference; includeInIndex = 1; lastKnownFileType = text.xcconfig; name = "Pods-flix_appUITests.release.xcconfig"; path = "Target Support Files/Pods-flix_appUITests/Pods-flix_appUITests.release.xcconfig"; sourceTree = "<group>"; };
		A0536ED48D00A5954E1DABDB /* Pods-flix_app.debug.xcconfig */ = {isa = PBXFileReference; includeInIndex = 1; lastKnownFileType = text.xcconfig; name = "Pods-flix_app.debug.xcconfig"; path = "Target Support Files/Pods-flix_app/Pods-flix_app.debug.xcconfig"; sourceTree = "<group>"; };
		BE1B7A40FF4B9229027BE695 /* Pods-flix_appUITests.debug.xcconfig */ = {isa = PBXFileReference; includeInIndex = 1; lastKnownFileType = text.xcconfig; name = "Pods-flix_appUITests.debug.xcconfig"; path = "Target Support Files/Pods-flix_appUITests/Pods-flix_appUITests.debug.xcconfig"; sourceTree = "<group>"; };
		D4B53BC87D7996D094C26891 /* Pods-flix_app.release.xcconfig */ = {isa = PBXFileReference; includeInIndex = 1; lastKnownFileType = text.xcconfig; name = "Pods-flix_app.release.xcconfig"; path = "Target Support Files/Pods-flix_app/Pods-flix_app.release.xcconfig"; sourceTree = "<group>"; };
		D57DBF75CD522207CCE4A673 /* Pods_flix_app.framework */ = {isa = PBXFileReference; explicitFileType = wrapper.framework; includeInIndex = 0; path = Pods_flix_app.framework; sourceTree = BUILT_PRODUCTS_DIR; };
/* End PBXFileReference section */

/* Begin PBXFrameworksBuildPhase section */
		2A58F6B722625B730093FD76 /* Frameworks */ = {
			isa = PBXFrameworksBuildPhase;
			buildActionMask = 2147483647;
			files = (
				F66661F4DB094B0E76D701D7 /* Pods_flix_app.framework in Frameworks */,
			);
			runOnlyForDeploymentPostprocessing = 0;
		};
		2A58F6CB22625B750093FD76 /* Frameworks */ = {
			isa = PBXFrameworksBuildPhase;
			buildActionMask = 2147483647;
			files = (
				0D127FEF51DC83BB5373AD2D /* Pods_flix_appTests.framework in Frameworks */,
			);
			runOnlyForDeploymentPostprocessing = 0;
		};
		2A58F6D622625B750093FD76 /* Frameworks */ = {
			isa = PBXFrameworksBuildPhase;
			buildActionMask = 2147483647;
			files = (
				B15EE5681C5BFFF93FE9A8B0 /* Pods_flix_appUITests.framework in Frameworks */,
			);
			runOnlyForDeploymentPostprocessing = 0;
		};
/* End PBXFrameworksBuildPhase section */

/* Begin PBXGroup section */
		2A58F6B122625B730093FD76 = {
			isa = PBXGroup;
			children = (
				2A58F6BC22625B730093FD76 /* flix_app */,
				2A58F6D122625B750093FD76 /* flix_appTests */,
				2A58F6DC22625B760093FD76 /* flix_appUITests */,
				2A58F6BB22625B730093FD76 /* Products */,
				44C7116E35152A26EE033061 /* Pods */,
				6C0E3A0B7F2C3FF08CF7D72A /* Frameworks */,
			);
			sourceTree = "<group>";
		};
		2A58F6BB22625B730093FD76 /* Products */ = {
			isa = PBXGroup;
			children = (
				2A58F6BA22625B730093FD76 /* flix_app.app */,
				2A58F6CE22625B750093FD76 /* flix_appTests.xctest */,
				2A58F6D922625B750093FD76 /* flix_appUITests.xctest */,
			);
			name = Products;
			sourceTree = "<group>";
		};
		2A58F6BC22625B730093FD76 /* flix_app */ = {
			isa = PBXGroup;
			children = (
				2A58F6BD22625B730093FD76 /* AppDelegate.swift */,
				2A58F6C122625B730093FD76 /* Main.storyboard */,
				2A58F6C422625B750093FD76 /* Assets.xcassets */,
				2A58F6C622625B750093FD76 /* LaunchScreen.storyboard */,
				2A58F6C922625B750093FD76 /* Info.plist */,
				2A58F6EB22625E220093FD76 /* MoviesViewController.swift */,
				2A58F6ED226524600093FD76 /* MovieCell.swift */,
				2A515664226D312C00ABE4D2 /* MovieDetailsViewController.swift */,
				2AC2CB5A226D416500DF914E /* MovieGridViewController.swift */,
				2AC2CB5C226D48C300DF914E /* MovieGridCell.swift */,
			);
			path = flix_app;
			sourceTree = "<group>";
		};
		2A58F6D122625B750093FD76 /* flix_appTests */ = {
			isa = PBXGroup;
			children = (
				2A58F6D222625B750093FD76 /* flix_appTests.swift */,
				2A58F6D422625B750093FD76 /* Info.plist */,
			);
			path = flix_appTests;
			sourceTree = "<group>";
		};
		2A58F6DC22625B760093FD76 /* flix_appUITests */ = {
			isa = PBXGroup;
			children = (
				2A58F6DD22625B760093FD76 /* flix_appUITests.swift */,
				2A58F6DF22625B760093FD76 /* Info.plist */,
			);
			path = flix_appUITests;
			sourceTree = "<group>";
		};
		44C7116E35152A26EE033061 /* Pods */ = {
			isa = PBXGroup;
			children = (
				A0536ED48D00A5954E1DABDB /* Pods-flix_app.debug.xcconfig */,
				D4B53BC87D7996D094C26891 /* Pods-flix_app.release.xcconfig */,
				2CE345E496D6FAF0F36D381C /* Pods-flix_appTests.debug.xcconfig */,
				11560DE0B7D9F32023B168EC /* Pods-flix_appTests.release.xcconfig */,
				BE1B7A40FF4B9229027BE695 /* Pods-flix_appUITests.debug.xcconfig */,
				47A1B006E403155998601E11 /* Pods-flix_appUITests.release.xcconfig */,
			);
			path = Pods;
			sourceTree = "<group>";
		};
		6C0E3A0B7F2C3FF08CF7D72A /* Frameworks */ = {
			isa = PBXGroup;
			children = (
				D57DBF75CD522207CCE4A673 /* Pods_flix_app.framework */,
				1FA30F9AB1AD0FCBACAE610D /* Pods_flix_appTests.framework */,
				16463F1BC66208DE288D4647 /* Pods_flix_appUITests.framework */,
			);
			name = Frameworks;
			sourceTree = "<group>";
		};
/* End PBXGroup section */

/* Begin PBXNativeTarget section */
		2A58F6B922625B730093FD76 /* flix_app */ = {
			isa = PBXNativeTarget;
			buildConfigurationList = 2A58F6E222625B760093FD76 /* Build configuration list for PBXNativeTarget "flix_app" */;
			buildPhases = (
				19267422328846CA4288836D /* [CP] Check Pods Manifest.lock */,
				2A58F6B622625B730093FD76 /* Sources */,
				2A58F6B722625B730093FD76 /* Frameworks */,
				2A58F6B822625B730093FD76 /* Resources */,
				90D2725BACD16EE9B3558946 /* [CP] Embed Pods Frameworks */,
			);
			buildRules = (
			);
			dependencies = (
			);
			name = flix_app;
			productName = flix_app;
			productReference = 2A58F6BA22625B730093FD76 /* flix_app.app */;
			productType = "com.apple.product-type.application";
		};
		2A58F6CD22625B750093FD76 /* flix_appTests */ = {
			isa = PBXNativeTarget;
			buildConfigurationList = 2A58F6E522625B760093FD76 /* Build configuration list for PBXNativeTarget "flix_appTests" */;
			buildPhases = (
				8D38B3820D947B5E5C0480E6 /* [CP] Check Pods Manifest.lock */,
				2A58F6CA22625B750093FD76 /* Sources */,
				2A58F6CB22625B750093FD76 /* Frameworks */,
				2A58F6CC22625B750093FD76 /* Resources */,
			);
			buildRules = (
			);
			dependencies = (
				2A58F6D022625B750093FD76 /* PBXTargetDependency */,
			);
			name = flix_appTests;
			productName = flix_appTests;
			productReference = 2A58F6CE22625B750093FD76 /* flix_appTests.xctest */;
			productType = "com.apple.product-type.bundle.unit-test";
		};
		2A58F6D822625B750093FD76 /* flix_appUITests */ = {
			isa = PBXNativeTarget;
			buildConfigurationList = 2A58F6E822625B760093FD76 /* Build configuration list for PBXNativeTarget "flix_appUITests" */;
			buildPhases = (
				F0CDBC71D0E45BBBEDD42F41 /* [CP] Check Pods Manifest.lock */,
				2A58F6D522625B750093FD76 /* Sources */,
				2A58F6D622625B750093FD76 /* Frameworks */,
				2A58F6D722625B750093FD76 /* Resources */,
			);
			buildRules = (
			);
			dependencies = (
				2A58F6DB22625B760093FD76 /* PBXTargetDependency */,
			);
			name = flix_appUITests;
			productName = flix_appUITests;
			productReference = 2A58F6D922625B750093FD76 /* flix_appUITests.xctest */;
			productType = "com.apple.product-type.bundle.ui-testing";
		};
/* End PBXNativeTarget section */

/* Begin PBXProject section */
		2A58F6B222625B730093FD76 /* Project object */ = {
			isa = PBXProject;
			attributes = {
				LastSwiftUpdateCheck = 1020;
				LastUpgradeCheck = 1020;
				ORGANIZATIONNAME = malctech;
				TargetAttributes = {
					2A58F6B922625B730093FD76 = {
						CreatedOnToolsVersion = 10.2;
					};
					2A58F6CD22625B750093FD76 = {
						CreatedOnToolsVersion = 10.2;
						TestTargetID = 2A58F6B922625B730093FD76;
					};
					2A58F6D822625B750093FD76 = {
						CreatedOnToolsVersion = 10.2;
						TestTargetID = 2A58F6B922625B730093FD76;
					};
				};
			};
			buildConfigurationList = 2A58F6B522625B730093FD76 /* Build configuration list for PBXProject "flix_app" */;
			compatibilityVersion = "Xcode 9.3";
			developmentRegion = en;
			hasScannedForEncodings = 0;
			knownRegions = (
				en,
				Base,
			);
			mainGroup = 2A58F6B122625B730093FD76;
			productRefGroup = 2A58F6BB22625B730093FD76 /* Products */;
			projectDirPath = "";
			projectRoot = "";
			targets = (
				2A58F6B922625B730093FD76 /* flix_app */,
				2A58F6CD22625B750093FD76 /* flix_appTests */,
				2A58F6D822625B750093FD76 /* flix_appUITests */,
			);
		};
/* End PBXProject section */

/* Begin PBXResourcesBuildPhase section */
		2A58F6B822625B730093FD76 /* Resources */ = {
			isa = PBXResourcesBuildPhase;
			buildActionMask = 2147483647;
			files = (
				2A58F6C822625B750093FD76 /* LaunchScreen.storyboard in Resources */,
				2A58F6C522625B750093FD76 /* Assets.xcassets in Resources */,
				2A58F6C322625B730093FD76 /* Main.storyboard in Resources */,
			);
			runOnlyForDeploymentPostprocessing = 0;
		};
		2A58F6CC22625B750093FD76 /* Resources */ = {
			isa = PBXResourcesBuildPhase;
			buildActionMask = 2147483647;
			files = (
			);
			runOnlyForDeploymentPostprocessing = 0;
		};
		2A58F6D722625B750093FD76 /* Resources */ = {
			isa = PBXResourcesBuildPhase;
			buildActionMask = 2147483647;
			files = (
			);
			runOnlyForDeploymentPostprocessing = 0;
		};
/* End PBXResourcesBuildPhase section */

/* Begin PBXShellScriptBuildPhase section */
		19267422328846CA4288836D /* [CP] Check Pods Manifest.lock */ = {
			isa = PBXShellScriptBuildPhase;
			buildActionMask = 2147483647;
			files = (
			);
			inputFileListPaths = (
			);
			inputPaths = (
				"${PODS_PODFILE_DIR_PATH}/Podfile.lock",
				"${PODS_ROOT}/Manifest.lock",
			);
			name = "[CP] Check Pods Manifest.lock";
			outputFileListPaths = (
			);
			outputPaths = (
				"$(DERIVED_FILE_DIR)/Pods-flix_app-checkManifestLockResult.txt",
			);
			runOnlyForDeploymentPostprocessing = 0;
			shellPath = /bin/sh;
			shellScript = "diff \"${PODS_PODFILE_DIR_PATH}/Podfile.lock\" \"${PODS_ROOT}/Manifest.lock\" > /dev/null\nif [ $? != 0 ] ; then\n    # print error to STDERR\n    echo \"error: The sandbox is not in sync with the Podfile.lock. Run 'pod install' or update your CocoaPods installation.\" >&2\n    exit 1\nfi\n# This output is used by Xcode 'outputs' to avoid re-running this script phase.\necho \"SUCCESS\" > \"${SCRIPT_OUTPUT_FILE_0}\"\n";
			showEnvVarsInLog = 0;
		};
		8D38B3820D947B5E5C0480E6 /* [CP] Check Pods Manifest.lock */ = {
			isa = PBXShellScriptBuildPhase;
			buildActionMask = 2147483647;
			files = (
			);
			inputFileListPaths = (
			);
			inputPaths = (
				"${PODS_PODFILE_DIR_PATH}/Podfile.lock",
				"${PODS_ROOT}/Manifest.lock",
			);
			name = "[CP] Check Pods Manifest.lock";
			outputFileListPaths = (
			);
			outputPaths = (
				"$(DERIVED_FILE_DIR)/Pods-flix_appTests-checkManifestLockResult.txt",
			);
			runOnlyForDeploymentPostprocessing = 0;
			shellPath = /bin/sh;
			shellScript = "diff \"${PODS_PODFILE_DIR_PATH}/Podfile.lock\" \"${PODS_ROOT}/Manifest.lock\" > /dev/null\nif [ $? != 0 ] ; then\n    # print error to STDERR\n    echo \"error: The sandbox is not in sync with the Podfile.lock. Run 'pod install' or update your CocoaPods installation.\" >&2\n    exit 1\nfi\n# This output is used by Xcode 'outputs' to avoid re-running this script phase.\necho \"SUCCESS\" > \"${SCRIPT_OUTPUT_FILE_0}\"\n";
			showEnvVarsInLog = 0;
		};
		90D2725BACD16EE9B3558946 /* [CP] Embed Pods Frameworks */ = {
			isa = PBXShellScriptBuildPhase;
			buildActionMask = 2147483647;
			files = (
			);
			inputFileListPaths = (
			);
			inputPaths = (
				"${PODS_ROOT}/Target Support Files/Pods-flix_app/Pods-flix_app-frameworks.sh",
				"${BUILT_PRODUCTS_DIR}/Alamofire/Alamofire.framework",
				"${BUILT_PRODUCTS_DIR}/AlamofireImage/AlamofireImage.framework",
			);
			name = "[CP] Embed Pods Frameworks";
			outputFileListPaths = (
			);
			outputPaths = (
				"${TARGET_BUILD_DIR}/${FRAMEWORKS_FOLDER_PATH}/Alamofire.framework",
				"${TARGET_BUILD_DIR}/${FRAMEWORKS_FOLDER_PATH}/AlamofireImage.framework",
			);
			runOnlyForDeploymentPostprocessing = 0;
			shellPath = /bin/sh;
			shellScript = "\"${PODS_ROOT}/Target Support Files/Pods-flix_app/Pods-flix_app-frameworks.sh\"\n";
			showEnvVarsInLog = 0;
		};
		F0CDBC71D0E45BBBEDD42F41 /* [CP] Check Pods Manifest.lock */ = {
			isa = PBXShellScriptBuildPhase;
			buildActionMask = 2147483647;
			files = (
			);
			inputFileListPaths = (
			);
			inputPaths = (
				"${PODS_PODFILE_DIR_PATH}/Podfile.lock",
				"${PODS_ROOT}/Manifest.lock",
			);
			name = "[CP] Check Pods Manifest.lock";
			outputFileListPaths = (
			);
			outputPaths = (
				"$(DERIVED_FILE_DIR)/Pods-flix_appUITests-checkManifestLockResult.txt",
			);
			runOnlyForDeploymentPostprocessing = 0;
			shellPath = /bin/sh;
			shellScript = "diff \"${PODS_PODFILE_DIR_PATH}/Podfile.lock\" \"${PODS_ROOT}/Manifest.lock\" > /dev/null\nif [ $? != 0 ] ; then\n    # print error to STDERR\n    echo \"error: The sandbox is not in sync with the Podfile.lock. Run 'pod install' or update your CocoaPods installation.\" >&2\n    exit 1\nfi\n# This output is used by Xcode 'outputs' to avoid re-running this script phase.\necho \"SUCCESS\" > \"${SCRIPT_OUTPUT_FILE_0}\"\n";
			showEnvVarsInLog = 0;
		};
/* End PBXShellScriptBuildPhase section */

/* Begin PBXSourcesBuildPhase section */
		2A58F6B622625B730093FD76 /* Sources */ = {
			isa = PBXSourcesBuildPhase;
			buildActionMask = 2147483647;
			files = (
				2AC2CB5B226D416500DF914E /* MovieGridViewController.swift in Sources */,
				2A515665226D312C00ABE4D2 /* MovieDetailsViewController.swift in Sources */,
				2A58F6BE22625B730093FD76 /* AppDelegate.swift in Sources */,
				2A58F6EC22625E220093FD76 /* MoviesViewController.swift in Sources */,
				2AC2CB5D226D48C300DF914E /* MovieGridCell.swift in Sources */,
				2A58F6EE226524600093FD76 /* MovieCell.swift in Sources */,
			);
			runOnlyForDeploymentPostprocessing = 0;
		};
		2A58F6CA22625B750093FD76 /* Sources */ = {
			isa = PBXSourcesBuildPhase;
			buildActionMask = 2147483647;
			files = (
				2A58F6D322625B750093FD76 /* flix_appTests.swift in Sources */,
			);
			runOnlyForDeploymentPostprocessing = 0;
		};
		2A58F6D522625B750093FD76 /* Sources */ = {
			isa = PBXSourcesBuildPhase;
			buildActionMask = 2147483647;
			files = (
				2A58F6DE22625B760093FD76 /* flix_appUITests.swift in Sources */,
			);
			runOnlyForDeploymentPostprocessing = 0;
		};
/* End PBXSourcesBuildPhase section */

/* Begin PBXTargetDependency section */
		2A58F6D022625B750093FD76 /* PBXTargetDependency */ = {
			isa = PBXTargetDependency;
			target = 2A58F6B922625B730093FD76 /* flix_app */;
			targetProxy = 2A58F6CF22625B750093FD76 /* PBXContainerItemProxy */;
		};
		2A58F6DB22625B760093FD76 /* PBXTargetDependency */ = {
			isa = PBXTargetDependency;
			target = 2A58F6B922625B730093FD76 /* flix_app */;
			targetProxy = 2A58F6DA22625B760093FD76 /* PBXContainerItemProxy */;
		};
/* End PBXTargetDependency section */

/* Begin PBXVariantGroup section */
		2A58F6C122625B730093FD76 /* Main.storyboard */ = {
			isa = PBXVariantGroup;
			children = (
				2A58F6C222625B730093FD76 /* Base */,
			);
			name = Main.storyboard;
			sourceTree = "<group>";
		};
		2A58F6C622625B750093FD76 /* LaunchScreen.storyboard */ = {
			isa = PBXVariantGroup;
			children = (
				2A58F6C722625B750093FD76 /* Base */,
			);
			name = LaunchScreen.storyboard;
			sourceTree = "<group>";
		};
/* End PBXVariantGroup section */

/* Begin XCBuildConfiguration section */
		2A58F6E022625B760093FD76 /* Debug */ = {
			isa = XCBuildConfiguration;
			buildSettings = {
				ALWAYS_SEARCH_USER_PATHS = NO;
				CLANG_ANALYZER_NONNULL = YES;
				CLANG_ANALYZER_NUMBER_OBJECT_CONVERSION = YES_AGGRESSIVE;
				CLANG_CXX_LANGUAGE_STANDARD = "gnu++14";
				CLANG_CXX_LIBRARY = "libc++";
				CLANG_ENABLE_MODULES = YES;
				CLANG_ENABLE_OBJC_ARC = YES;
				CLANG_ENABLE_OBJC_WEAK = YES;
				CLANG_WARN_BLOCK_CAPTURE_AUTORELEASING = YES;
				CLANG_WARN_BOOL_CONVERSION = YES;
				CLANG_WARN_COMMA = YES;
				CLANG_WARN_CONSTANT_CONVERSION = YES;
				CLANG_WARN_DEPRECATED_OBJC_IMPLEMENTATIONS = YES;
				CLANG_WARN_DIRECT_OBJC_ISA_USAGE = YES_ERROR;
				CLANG_WARN_DOCUMENTATION_COMMENTS = YES;
				CLANG_WARN_EMPTY_BODY = YES;
				CLANG_WARN_ENUM_CONVERSION = YES;
				CLANG_WARN_INFINITE_RECURSION = YES;
				CLANG_WARN_INT_CONVERSION = YES;
				CLANG_WARN_NON_LITERAL_NULL_CONVERSION = YES;
				CLANG_WARN_OBJC_IMPLICIT_RETAIN_SELF = YES;
				CLANG_WARN_OBJC_LITERAL_CONVERSION = YES;
				CLANG_WARN_OBJC_ROOT_CLASS = YES_ERROR;
				CLANG_WARN_RANGE_LOOP_ANALYSIS = YES;
				CLANG_WARN_STRICT_PROTOTYPES = YES;
				CLANG_WARN_SUSPICIOUS_MOVE = YES;
				CLANG_WARN_UNGUARDED_AVAILABILITY = YES_AGGRESSIVE;
				CLANG_WARN_UNREACHABLE_CODE = YES;
				CLANG_WARN__DUPLICATE_METHOD_MATCH = YES;
				CODE_SIGN_IDENTITY = "iPhone Developer";
				COPY_PHASE_STRIP = NO;
				DEBUG_INFORMATION_FORMAT = dwarf;
				ENABLE_STRICT_OBJC_MSGSEND = YES;
				ENABLE_TESTABILITY = YES;
				GCC_C_LANGUAGE_STANDARD = gnu11;
				GCC_DYNAMIC_NO_PIC = NO;
				GCC_NO_COMMON_BLOCKS = YES;
				GCC_OPTIMIZATION_LEVEL = 0;
				GCC_PREPROCESSOR_DEFINITIONS = (
					"DEBUG=1",
					"$(inherited)",
				);
				GCC_WARN_64_TO_32_BIT_CONVERSION = YES;
				GCC_WARN_ABOUT_RETURN_TYPE = YES_ERROR;
				GCC_WARN_UNDECLARED_SELECTOR = YES;
				GCC_WARN_UNINITIALIZED_AUTOS = YES_AGGRESSIVE;
				GCC_WARN_UNUSED_FUNCTION = YES;
				GCC_WARN_UNUSED_VARIABLE = YES;
				IPHONEOS_DEPLOYMENT_TARGET = 12.2;
				MTL_ENABLE_DEBUG_INFO = INCLUDE_SOURCE;
				MTL_FAST_MATH = YES;
				ONLY_ACTIVE_ARCH = YES;
				SDKROOT = iphoneos;
				SWIFT_ACTIVE_COMPILATION_CONDITIONS = DEBUG;
				SWIFT_OPTIMIZATION_LEVEL = "-Onone";
			};
			name = Debug;
		};
		2A58F6E122625B760093FD76 /* Release */ = {
			isa = XCBuildConfiguration;
			buildSettings = {
				ALWAYS_SEARCH_USER_PATHS = NO;
				CLANG_ANALYZER_NONNULL = YES;
				CLANG_ANALYZER_NUMBER_OBJECT_CONVERSION = YES_AGGRESSIVE;
				CLANG_CXX_LANGUAGE_STANDARD = "gnu++14";
				CLANG_CXX_LIBRARY = "libc++";
				CLANG_ENABLE_MODULES = YES;
				CLANG_ENABLE_OBJC_ARC = YES;
				CLANG_ENABLE_OBJC_WEAK = YES;
				CLANG_WARN_BLOCK_CAPTURE_AUTORELEASING = YES;
				CLANG_WARN_BOOL_CONVERSION = YES;
				CLANG_WARN_COMMA = YES;
				CLANG_WARN_CONSTANT_CONVERSION = YES;
				CLANG_WARN_DEPRECATED_OBJC_IMPLEMENTATIONS = YES;
				CLANG_WARN_DIRECT_OBJC_ISA_USAGE = YES_ERROR;
				CLANG_WARN_DOCUMENTATION_COMMENTS = YES;
				CLANG_WARN_EMPTY_BODY = YES;
				CLANG_WARN_ENUM_CONVERSION = YES;
				CLANG_WARN_INFINITE_RECURSION = YES;
				CLANG_WARN_INT_CONVERSION = YES;
				CLANG_WARN_NON_LITERAL_NULL_CONVERSION = YES;
				CLANG_WARN_OBJC_IMPLICIT_RETAIN_SELF = YES;
				CLANG_WARN_OBJC_LITERAL_CONVERSION = YES;
				CLANG_WARN_OBJC_ROOT_CLASS = YES_ERROR;
				CLANG_WARN_RANGE_LOOP_ANALYSIS = YES;
				CLANG_WARN_STRICT_PROTOTYPES = YES;
				CLANG_WARN_SUSPICIOUS_MOVE = YES;
				CLANG_WARN_UNGUARDED_AVAILABILITY = YES_AGGRESSIVE;
				CLANG_WARN_UNREACHABLE_CODE = YES;
				CLANG_WARN__DUPLICATE_METHOD_MATCH = YES;
				CODE_SIGN_IDENTITY = "iPhone Developer";
				COPY_PHASE_STRIP = NO;
				DEBUG_INFORMATION_FORMAT = "dwarf-with-dsym";
				ENABLE_NS_ASSERTIONS = NO;
				ENABLE_STRICT_OBJC_MSGSEND = YES;
				GCC_C_LANGUAGE_STANDARD = gnu11;
				GCC_NO_COMMON_BLOCKS = YES;
				GCC_WARN_64_TO_32_BIT_CONVERSION = YES;
				GCC_WARN_ABOUT_RETURN_TYPE = YES_ERROR;
				GCC_WARN_UNDECLARED_SELECTOR = YES;
				GCC_WARN_UNINITIALIZED_AUTOS = YES_AGGRESSIVE;
				GCC_WARN_UNUSED_FUNCTION = YES;
				GCC_WARN_UNUSED_VARIABLE = YES;
				IPHONEOS_DEPLOYMENT_TARGET = 12.2;
				MTL_ENABLE_DEBUG_INFO = NO;
				MTL_FAST_MATH = YES;
				SDKROOT = iphoneos;
				SWIFT_COMPILATION_MODE = wholemodule;
				SWIFT_OPTIMIZATION_LEVEL = "-O";
				VALIDATE_PRODUCT = YES;
			};
			name = Release;
		};
		2A58F6E322625B760093FD76 /* Debug */ = {
			isa = XCBuildConfiguration;
			baseConfigurationReference = A0536ED48D00A5954E1DABDB /* Pods-flix_app.debug.xcconfig */;
			buildSettings = {
				ASSETCATALOG_COMPILER_APPICON_NAME = AppIcon;
				CODE_SIGN_STYLE = Automatic;
				DEVELOPMENT_TEAM = 276QHUU5A4;
				INFOPLIST_FILE = flix_app/Info.plist;
				LD_RUNPATH_SEARCH_PATHS = (
					"$(inherited)",
					"@executable_path/Frameworks",
				);
				PRODUCT_BUNDLE_IDENTIFIER = "malc.tech.flix-app";
				PRODUCT_NAME = "$(TARGET_NAME)";
				SWIFT_VERSION = 5.0;
				TARGETED_DEVICE_FAMILY = "1,2";
			};
			name = Debug;
		};
		2A58F6E422625B760093FD76 /* Release */ = {
			isa = XCBuildConfiguration;
			baseConfigurationReference = D4B53BC87D7996D094C26891 /* Pods-flix_app.release.xcconfig */;
			buildSettings = {
				ASSETCATALOG_COMPILER_APPICON_NAME = AppIcon;
				CODE_SIGN_STYLE = Automatic;
				DEVELOPMENT_TEAM = 276QHUU5A4;
				INFOPLIST_FILE = flix_app/Info.plist;
				LD_RUNPATH_SEARCH_PATHS = (
					"$(inherited)",
					"@executable_path/Frameworks",
				);
				PRODUCT_BUNDLE_IDENTIFIER = "malc.tech.flix-app";
				PRODUCT_NAME = "$(TARGET_NAME)";
				SWIFT_VERSION = 5.0;
				TARGETED_DEVICE_FAMILY = "1,2";
			};
			name = Release;
		};
		2A58F6E622625B760093FD76 /* Debug */ = {
			isa = XCBuildConfiguration;
			baseConfigurationReference = 2CE345E496D6FAF0F36D381C /* Pods-flix_appTests.debug.xcconfig */;
			buildSettings = {
				ALWAYS_EMBED_SWIFT_STANDARD_LIBRARIES = YES;
				BUNDLE_LOADER = "$(TEST_HOST)";
				CODE_SIGN_STYLE = Automatic;
				DEVELOPMENT_TEAM = 276QHUU5A4;
				INFOPLIST_FILE = flix_appTests/Info.plist;
				LD_RUNPATH_SEARCH_PATHS = (
					"$(inherited)",
					"@executable_path/Frameworks",
					"@loader_path/Frameworks",
				);
				PRODUCT_BUNDLE_IDENTIFIER = "malc.tech.flix-appTests";
				PRODUCT_NAME = "$(TARGET_NAME)";
				SWIFT_VERSION = 5.0;
				TARGETED_DEVICE_FAMILY = "1,2";
				TEST_HOST = "$(BUILT_PRODUCTS_DIR)/flix_app.app/flix_app";
			};
			name = Debug;
		};
		2A58F6E722625B760093FD76 /* Release */ = {
			isa = XCBuildConfiguration;
			baseConfigurationReference = 11560DE0B7D9F32023B168EC /* Pods-flix_appTests.release.xcconfig */;
			buildSettings = {
				ALWAYS_EMBED_SWIFT_STANDARD_LIBRARIES = YES;
				BUNDLE_LOADER = "$(TEST_HOST)";
				CODE_SIGN_STYLE = Automatic;
				DEVELOPMENT_TEAM = 276QHUU5A4;
				INFOPLIST_FILE = flix_appTests/Info.plist;
				LD_RUNPATH_SEARCH_PATHS = (
					"$(inherited)",
					"@executable_path/Frameworks",
					"@loader_path/Frameworks",
				);
				PRODUCT_BUNDLE_IDENTIFIER = "malc.tech.flix-appTests";
				PRODUCT_NAME = "$(TARGET_NAME)";
				SWIFT_VERSION = 5.0;
				TARGETED_DEVICE_FAMILY = "1,2";
				TEST_HOST = "$(BUILT_PRODUCTS_DIR)/flix_app.app/flix_app";
			};
			name = Release;
		};
		2A58F6E922625B760093FD76 /* Debug */ = {
			isa = XCBuildConfiguration;
			baseConfigurationReference = BE1B7A40FF4B9229027BE695 /* Pods-flix_appUITests.debug.xcconfig */;
			buildSettings = {
				ALWAYS_EMBED_SWIFT_STANDARD_LIBRARIES = YES;
				CODE_SIGN_STYLE = Automatic;
				DEVELOPMENT_TEAM = 276QHUU5A4;
				INFOPLIST_FILE = flix_appUITests/Info.plist;
				LD_RUNPATH_SEARCH_PATHS = (
					"$(inherited)",
					"@executable_path/Frameworks",
					"@loader_path/Frameworks",
				);
				PRODUCT_BUNDLE_IDENTIFIER = "malc.tech.flix-appUITests";
				PRODUCT_NAME = "$(TARGET_NAME)";
				SWIFT_VERSION = 5.0;
				TARGETED_DEVICE_FAMILY = "1,2";
				TEST_TARGET_NAME = flix_app;
			};
			name = Debug;
		};
		2A58F6EA22625B760093FD76 /* Release */ = {
			isa = XCBuildConfiguration;
			baseConfigurationReference = 47A1B006E403155998601E11 /* Pods-flix_appUITests.release.xcconfig */;
			buildSettings = {
				ALWAYS_EMBED_SWIFT_STANDARD_LIBRARIES = YES;
				CODE_SIGN_STYLE = Automatic;
				DEVELOPMENT_TEAM = 276QHUU5A4;
				INFOPLIST_FILE = flix_appUITests/Info.plist;
				LD_RUNPATH_SEARCH_PATHS = (
					"$(inherited)",
					"@executable_path/Frameworks",
					"@loader_path/Frameworks",
				);
				PRODUCT_BUNDLE_IDENTIFIER = "malc.tech.flix-appUITests";
				PRODUCT_NAME = "$(TARGET_NAME)";
				SWIFT_VERSION = 5.0;
				TARGETED_DEVICE_FAMILY = "1,2";
				TEST_TARGET_NAME = flix_app;
			};
			name = Release;
		};
/* End XCBuildConfiguration section */

/* Begin XCConfigurationList section */
		2A58F6B522625B730093FD76 /* Build configuration list for PBXProject "flix_app" */ = {
			isa = XCConfigurationList;
			buildConfigurations = (
				2A58F6E022625B760093FD76 /* Debug */,
				2A58F6E122625B760093FD76 /* Release */,
			);
			defaultConfigurationIsVisible = 0;
			defaultConfigurationName = Release;
		};
		2A58F6E222625B760093FD76 /* Build configuration list for PBXNativeTarget "flix_app" */ = {
			isa = XCConfigurationList;
			buildConfigurations = (
				2A58F6E322625B760093FD76 /* Debug */,
				2A58F6E422625B760093FD76 /* Release */,
			);
			defaultConfigurationIsVisible = 0;
			defaultConfigurationName = Release;
		};
		2A58F6E522625B760093FD76 /* Build configuration list for PBXNativeTarget "flix_appTests" */ = {
			isa = XCConfigurationList;
			buildConfigurations = (
				2A58F6E622625B760093FD76 /* Debug */,
				2A58F6E722625B760093FD76 /* Release */,
			);
			defaultConfigurationIsVisible = 0;
			defaultConfigurationName = Release;
		};
		2A58F6E822625B760093FD76 /* Build configuration list for PBXNativeTarget "flix_appUITests" */ = {
			isa = XCConfigurationList;
			buildConfigurations = (
				2A58F6E922625B760093FD76 /* Debug */,
				2A58F6EA22625B760093FD76 /* Release */,
			);
			defaultConfigurationIsVisible = 0;
			defaultConfigurationName = Release;
		};
/* End XCConfigurationList section */
	};
	rootObject = 2A58F6B222625B730093FD76 /* Project object */;
}
